
Microsoft Visual Studio Solution File, Format Version 12.00
# Visual Studio Version 17
VisualStudioVersion = 17.5.33530.505
MinimumVisualStudioVersion = 10.0.40219.1
Project("{FAE04EC0-301F-11D3-BF4B-00C04F79EFBC}") = "WebApiPlayAround", "WebApiPlayAround\WebApiPlayAround.csproj", "{3FB9E452-3BBB-4DE1-8050-DE7B7C504BE8}"
EndProject
Global
	GlobalSection(SolutionConfigurationPlatforms) = preSolution
		Debug|Any CPU = Debug|Any CPU
		Release|Any CPU = Release|Any CPU
	EndGlobalSection
	GlobalSection(ProjectConfigurationPlatforms) = postSolution
		{3FB9E452-3BBB-4DE1-8050-DE7B7C504BE8}.Debug|Any CPU.ActiveCfg = Debug|Any CPU
		{3FB9E452-3BBB-4DE1-8050-DE7B7C504BE8}.Debug|Any CPU.Build.0 = Debug|Any CPU
		{3FB9E452-3BBB-4DE1-8050-DE7B7C504BE8}.Release|Any CPU.ActiveCfg = Release|Any CPU
		{3FB9E452-3BBB-4DE1-8050-DE7B7C504BE8}.Release|Any CPU.Build.0 = Release|Any CPU
	EndGlobalSection
	GlobalSection(SolutionProperties) = preSolution
		HideSolutionNode = FALSE
	EndGlobalSection
	GlobalSection(ExtensibilityGlobals) = postSolution
		SolutionGuid = {247D5955-EC30-4D3E-B733-EF50A5B4D629}
	EndGlobalSection
EndGlobal
